// !$*UTF8*$!
{
	archiveVersion = 1;
	classes = {
	};
	objectVersion = 50;
	objects = {

/* Begin PBXBuildFile section */
		2EE5AC1A20E79B0F00E62E31 /* AppDelegate.swift in Sources */ = {isa = PBXBuildFile; fileRef = 2EE5AC1920E79B0F00E62E31 /* AppDelegate.swift */; };
		2EE5AC1C20E79B0F00E62E31 /* ViewController.swift in Sources */ = {isa = PBXBuildFile; fileRef = 2EE5AC1B20E79B0F00E62E31 /* ViewController.swift */; };
		2EE5AC1F20E79B0F00E62E31 /* Main.storyboard in Resources */ = {isa = PBXBuildFile; fileRef = 2EE5AC1D20E79B0F00E62E31 /* Main.storyboard */; };
		2EE5AC2120E79B3300E62E31 /* Assets.xcassets in Resources */ = {isa = PBXBuildFile; fileRef = 2EE5AC2020E79B3300E62E31 /* Assets.xcassets */; };
		2EE5AC2420E79B3300E62E31 /* LaunchScreen.storyboard in Resources */ = {isa = PBXBuildFile; fileRef = 2EE5AC2220E79B3300E62E31 /* LaunchScreen.storyboard */; };
/* End PBXBuildFile section */

/* Begin PBXFileReference section */
		2EE5AC1620E79B0F00E62E31 /* on the map.app */ = {isa = PBXFileReference; explicitFileType = wrapper.application; includeInIndex = 0; path = "on the map.app"; sourceTree = BUILT_PRODUCTS_DIR; };
		2EE5AC1920E79B0F00E62E31 /* AppDelegate.swift */ = {isa = PBXFileReference; lastKnownFileType = sourcecode.swift; path = AppDelegate.swift; sourceTree = "<group>"; };
		2EE5AC1B20E79B0F00E62E31 /* ViewController.swift */ = {isa = PBXFileReference; lastKnownFileType = sourcecode.swift; path = ViewController.swift; sourceTree = "<group>"; };
		2EE5AC1E20E79B0F00E62E31 /* Base */ = {isa = PBXFileReference; lastKnownFileType = file.storyboard; name = Base; path = Base.lproj/Main.storyboard; sourceTree = "<group>"; };
		2EE5AC2020E79B3300E62E31 /* Assets.xcassets */ = {isa = PBXFileReference; lastKnownFileType = folder.assetcatalog; path = Assets.xcassets; sourceTree = "<group>"; };
		2EE5AC2320E79B3300E62E31 /* Base */ = {isa = PBXFileReference; lastKnownFileType = file.storyboard; name = Base; path = Base.lproj/LaunchScreen.storyboard; sourceTree = "<group>"; };
		2EE5AC2520E79B3300E62E31 /* Info.plist */ = {isa = PBXFileReference; lastKnownFileType = text.plist.xml; path = Info.plist; sourceTree = "<group>"; };
/* End PBXFileReference section */

/* Begin PBXFrameworksBuildPhase section */
		2EE5AC1320E79B0E00E62E31 /* Frameworks */ = {
			isa = PBXFrameworksBuildPhase;
			buildActionMask = 2147483647;
			files = (
			);
			runOnlyForDeploymentPostprocessing = 0;
		};
/* End PBXFrameworksBuildPhase section */

/* Begin PBXGroup section */
		2EE5AC0D20E79B0E00E62E31 = {
			isa = PBXGroup;
			children = (
				2EE5AC1820E79B0F00E62E31 /* on the map */,
				2EE5AC1720E79B0F00E62E31 /* Products */,
			);
			sourceTree = "<group>";
		};
		2EE5AC1720E79B0F00E62E31 /* Products */ = {
			isa = PBXGroup;
			children = (
				2EE5AC1620E79B0F00E62E31 /* on the map.app */,
			);
			name = Products;
			sourceTree = "<group>";
		};
		2EE5AC1820E79B0F00E62E31 /* on the map */ = {
			isa = PBXGroup;
			children = (
				2EE5AC1920E79B0F00E62E31 /* AppDelegate.swift */,
				2EE5AC1B20E79B0F00E62E31 /* ViewController.swift */,
				2EE5AC1D20E79B0F00E62E31 /* Main.storyboard */,
				2EE5AC2020E79B3300E62E31 /* Assets.xcassets */,
				2EE5AC2220E79B3300E62E31 /* LaunchScreen.storyboard */,
				2EE5AC2520E79B3300E62E31 /* Info.plist */,
			);
			path = "on the map";
			sourceTree = "<group>";
		};
/* End PBXGroup section */

/* Begin PBXNativeTarget section */
		2EE5AC1520E79B0E00E62E31 /* on the map */ = {
			isa = PBXNativeTarget;
			buildConfigurationList = 2EE5AC2820E79B3400E62E31 /* Build configuration list for PBXNativeTarget "on the map" */;
			buildPhases = (
				2EE5AC1220E79B0E00E62E31 /* Sources */,
				2EE5AC1320E79B0E00E62E31 /* Frameworks */,
				2EE5AC1420E79B0E00E62E31 /* Resources */,
			);
			buildRules = (
			);
			dependencies = (
			);
			name = "on the map";
			productName = "on the map";
			productReference = 2EE5AC1620E79B0F00E62E31 /* on the map.app */;
			productType = "com.apple.product-type.application";
		};
/* End PBXNativeTarget section */

/* Begin PBXProject section */
		2EE5AC0E20E79B0E00E62E31 /* Project object */ = {
			isa = PBXProject;
			attributes = {
				LastSwiftUpdateCheck = 0940;
				LastUpgradeCheck = 0940;
				ORGANIZATIONNAME = "mahmoud mortada";
				TargetAttributes = {
					2EE5AC1520E79B0E00E62E31 = {
						CreatedOnToolsVersion = 9.4;
					};
				};
			};
			buildConfigurationList = 2EE5AC1120E79B0E00E62E31 /* Build configuration list for PBXProject "on the map" */;
			compatibilityVersion = "Xcode 9.3";
			developmentRegion = en;
			hasScannedForEncodings = 0;
			knownRegions = (
				en,
				Base,
			);
			mainGroup = 2EE5AC0D20E79B0E00E62E31;
			productRefGroup = 2EE5AC1720E79B0F00E62E31 /* Products */;
			projectDirPath = "";
			projectRoot = "";
			targets = (
				2EE5AC1520E79B0E00E62E31 /* on the map */,
			);
		};
/* End PBXProject section */

/* Begin PBXResourcesBuildPhase section */
		2EE5AC1420E79B0E00E62E31 /* Resources */ = {
			isa = PBXResourcesBuildPhase;
			buildActionMask = 2147483647;
			files = (
				2EE5AC2420E79B3300E62E31 /* LaunchScreen.storyboard in Resources */,
				2EE5AC2120E79B3300E62E31 /* Assets.xcassets in Resources */,
				2EE5AC1F20E79B0F00E62E31 /* Main.storyboard in Resources */,
			);
			runOnlyForDeploymentPostprocessing = 0;
		};
/* End PBXResourcesBuildPhase section */

/* Begin PBXSourcesBuildPhase section */
		2EE5AC1220E79B0E00E62E31 /* Sources */ = {
			isa = PBXSourcesBuildPhase;
			buildActionMask = 2147483647;
			files = (
				2EE5AC1C20E79B0F00E62E31 /* ViewController.swift in Sources */,
				2EE5AC1A20E79B0F00E62E31 /* AppDelegate.swift in Sources */,
			);
			runOnlyForDeploymentPostprocessing = 0;
		};
/* End PBXSourcesBuildPhase section */

/* Begin PBXVariantGroup section */
		2EE5AC1D20E79B0F00E62E31 /* Main.storyboard */ = {
			isa = PBXVariantGroup;
			children = (
				2EE5AC1E20E79B0F00E62E31 /* Base */,
			);
			name = Main.storyboard;
			sourceTree = "<group>";
		};
		2EE5AC2220E79B3300E62E31 /* LaunchScreen.storyboard */ = {
			isa = PBXVariantGroup;
			children = (
				2EE5AC2320E79B3300E62E31 /* Base */,
			);
			name = LaunchScreen.storyboard;
			sourceTree = "<group>";
		};
/* End PBXVariantGroup section */

/* Begin XCBuildConfiguration section */
		2EE5AC2620E79B3300E62E31 /* Debug */ = {
			isa = XCBuildConfiguration;
			buildSettings = {
				ALWAYS_SEARCH_USER_PATHS = NO;
				CLANG_ANALYZER_NONNULL = YES;
				CLANG_ANALYZER_NUMBER_OBJECT_CONVERSION = YES_AGGRESSIVE;
				CLANG_CXX_LANGUAGE_STANDARD = "gnu++14";
				CLANG_CXX_LIBRARY = "libc++";
				CLANG_ENABLE_MODULES = YES;
				CLANG_ENABLE_OBJC_ARC = YES;
				CLANG_ENABLE_OBJC_WEAK = YES;
				CLANG_WARN_BLOCK_CAPTURE_AUTORELEASING = YES;
				CLANG_WARN_BOOL_CONVERSION = YES;
				CLANG_WARN_COMMA = YES;
				CLANG_WARN_CONSTANT_CONVERSION = YES;
				CLANG_WARN_DEPRECATED_OBJC_IMPLEMENTATIONS = YES;
				CLANG_WARN_DIRECT_OBJC_ISA_USAGE = YES_ERROR;
				CLANG_WARN_DOCUMENTATION_COMMENTS = YES;
				CLANG_WARN_EMPTY_BODY = YES;
				CLANG_WARN_ENUM_CONVERSION = YES;
				CLANG_WARN_INFINITE_RECURSION = YES;
				CLANG_WARN_INT_CONVERSION = YES;
				CLANG_WARN_NON_LITERAL_NULL_CONVERSION = YES;
				CLANG_WARN_OBJC_IMPLICIT_RETAIN_SELF = YES;
				CLANG_WARN_OBJC_LITERAL_CONVERSION = YES;
				CLANG_WARN_OBJC_ROOT_CLASS = YES_ERROR;
				CLANG_WARN_RANGE_LOOP_ANALYSIS = YES;
				CLANG_WARN_STRICT_PROTOTYPES = YES;
				CLANG_WARN_SUSPICIOUS_MOVE = YES;
				CLANG_WARN_UNGUARDED_AVAILABILITY = YES_AGGRESSIVE;
				CLANG_WARN_UNREACHABLE_CODE = YES;
				CLANG_WARN__DUPLICATE_METHOD_MATCH = YES;
				CODE_SIGN_IDENTITY = "iPhone Developer";
				COPY_PHASE_STRIP = NO;
				DEBUG_INFORMATION_FORMAT = dwarf;
				ENABLE_STRICT_OBJC_MSGSEND = YES;
				ENABLE_TESTABILITY = YES;
				GCC_C_LANGUAGE_STANDARD = gnu11;
				GCC_DYNAMIC_NO_PIC = NO;
				GCC_NO_COMMON_BLOCKS = YES;
				GCC_OPTIMIZATION_LEVEL = 0;
				GCC_PREPROCESSOR_DEFINITIONS = (
					"DEBUG=1",
					"$(inherited)",
				);
				GCC_WARN_64_TO_32_BIT_CONVERSION = YES;
				GCC_WARN_ABOUT_RETURN_TYPE = YES_ERROR;
				GCC_WARN_UNDECLARED_SELECTOR = YES;
				GCC_WARN_UNINITIALIZED_AUTOS = YES_AGGRESSIVE;
				GCC_WARN_UNUSED_FUNCTION = YES;
				GCC_WARN_UNUSED_VARIABLE = YES;
				IPHONEOS_DEPLOYMENT_TARGET = 11.4;
				MTL_ENABLE_DEBUG_INFO = YES;
				ONLY_ACTIVE_ARCH = YES;
				SDKROOT = iphoneos;
				SWIFT_ACTIVE_COMPILATION_CONDITIONS = DEBUG;
				SWIFT_OPTIMIZATION_LEVEL = "-Onone";
			};
			name = Debug;
		};
		2EE5AC2720E79B3300E62E31 /* Release */ = {
			isa = XCBuildConfiguration;
			buildSettings = {
				ALWAYS_SEARCH_USER_PATHS = NO;
				CLANG_ANALYZER_NONNULL = YES;
				CLANG_ANALYZER_NUMBER_OBJECT_CONVERSION = YES_AGGRESSIVE;
				CLANG_CXX_LANGUAGE_STANDARD = "gnu++14";
				CLANG_CXX_LIBRARY = "libc++";
				CLANG_ENABLE_MODULES = YES;
				CLANG_ENABLE_OBJC_ARC = YES;
				CLANG_ENABLE_OBJC_WEAK = YES;
				CLANG_WARN_BLOCK_CAPTURE_AUTORELEASING = YES;
				CLANG_WARN_BOOL_CONVERSION = YES;
				CLANG_WARN_COMMA = YES;
				CLANG_WARN_CONSTANT_CONVERSION = YES;
				CLANG_WARN_DEPRECATED_OBJC_IMPLEMENTATIONS = YES;
				CLANG_WARN_DIRECT_OBJC_ISA_USAGE = YES_ERROR;
				CLANG_WARN_DOCUMENTATION_COMMENTS = YES;
				CLANG_WARN_EMPTY_BODY = YES;
				CLANG_WARN_ENUM_CONVERSION = YES;
				CLANG_WARN_INFINITE_RECURSION = YES;
				CLANG_WARN_INT_CONVERSION = YES;
				CLANG_WARN_NON_LITERAL_NULL_CONVERSION = YES;
				CLANG_WARN_OBJC_IMPLICIT_RETAIN_SELF = YES;
				CLANG_WARN_OBJC_LITERAL_CONVERSION = YES;
				CLANG_WARN_OBJC_ROOT_CLASS = YES_ERROR;
				CLANG_WARN_RANGE_LOOP_ANALYSIS = YES;
				CLANG_WARN_STRICT_PROTOTYPES = YES;
				CLANG_WARN_SUSPICIOUS_MOVE = YES;
				CLANG_WARN_UNGUARDED_AVAILABILITY = YES_AGGRESSIVE;
				CLANG_WARN_UNREACHABLE_CODE = YES;
				CLANG_WARN__DUPLICATE_METHOD_MATCH = YES;
				CODE_SIGN_IDENTITY = "iPhone Developer";
				COPY_PHASE_STRIP = NO;
				DEBUG_INFORMATION_FORMAT = "dwarf-with-dsym";
				ENABLE_NS_ASSERTIONS = NO;
				ENABLE_STRICT_OBJC_MSGSEND = YES;
				GCC_C_LANGUAGE_STANDARD = gnu11;
				GCC_NO_COMMON_BLOCKS = YES;
				GCC_WARN_64_TO_32_BIT_CONVERSION = YES;
				GCC_WARN_ABOUT_RETURN_TYPE = YES_ERROR;
				GCC_WARN_UNDECLARED_SELECTOR = YES;
				GCC_WARN_UNINITIALIZED_AUTOS = YES_AGGRESSIVE;
				GCC_WARN_UNUSED_FUNCTION = YES;
				GCC_WARN_UNUSED_VARIABLE = YES;
				IPHONEOS_DEPLOYMENT_TARGET = 11.4;
				MTL_ENABLE_DEBUG_INFO = NO;
				SDKROOT = iphoneos;
				SWIFT_COMPILATION_MODE = wholemodule;
				SWIFT_OPTIMIZATION_LEVEL = "-O";
				VALIDATE_PRODUCT = YES;
			};
			name = Release;
		};
		2EE5AC2920E79B3400E62E31 /* Debug */ = {
			isa = XCBuildConfiguration;
			buildSettings = {
				ASSETCATALOG_COMPILER_APPICON_NAME = AppIcon;
				CODE_SIGN_STYLE = Automatic;
				INFOPLIST_FILE = "on the map/Info.plist";
				LD_RUNPATH_SEARCH_PATHS = (
					"$(inherited)",
					"@executable_path/Frameworks",
				);
				PRODUCT_BUNDLE_IDENTIFIER = "com.a88studio.on-the-map";
				PRODUCT_NAME = "$(TARGET_NAME)";
				SWIFT_VERSION = 4.0;
				TARGETED_DEVICE_FAMILY = "1,2";
			};
			name = Debug;
		};
		2EE5AC2A20E79B3400E62E31 /* Release */ = {
			isa = XCBuildConfiguration;
			buildSettings = {
				ASSETCATALOG_COMPILER_APPICON_NAME = AppIcon;
				CODE_SIGN_STYLE = Automatic;
				INFOPLIST_FILE = "on the map/Info.plist";
				LD_RUNPATH_SEARCH_PATHS = (
					"$(inherited)",
					"@executable_path/Frameworks",
				);
				PRODUCT_BUNDLE_IDENTIFIER = "com.a88studio.on-the-map";
				PRODUCT_NAME = "$(TARGET_NAME)";
				SWIFT_VERSION = 4.0;
				TARGETED_DEVICE_FAMILY = "1,2";
			};
			name = Release;
		};
/* End XCBuildConfiguration section */

/* Begin XCConfigurationList section */
		2EE5AC1120E79B0E00E62E31 /* Build configuration list for PBXProject "on the map" */ = {
			isa = XCConfigurationList;
			buildConfigurations = (
				2EE5AC2620E79B3300E62E31 /* Debug */,
				2EE5AC2720E79B3300E62E31 /* Release */,
			);
			defaultConfigurationIsVisible = 0;
			defaultConfigurationName = Release;
		};
		2EE5AC2820E79B3400E62E31 /* Build configuration list for PBXNativeTarget "on the map" */ = {
			isa = XCConfigurationList;
			buildConfigurations = (
				2EE5AC2920E79B3400E62E31 /* Debug */,
				2EE5AC2A20E79B3400E62E31 /* Release */,
			);
			defaultConfigurationIsVisible = 0;
			defaultConfigurationName = Release;
		};
/* End XCConfigurationList section */
	};
	rootObject = 2EE5AC0E20E79B0E00E62E31 /* Project object */;
}
